
Microsoft Visual Studio Solution File, Format Version 12.00
# Visual Studio Version 17
VisualStudioVersion = 17.0.31825.309
MinimumVisualStudioVersion = 10.0.40219.1
Project("{FAE04EC0-301F-11D3-BF4B-00C04F79EFBC}") = "church-mgt-mvc", "church-mgt-mvc\church-mgt-mvc.csproj", "{EE24A2BC-0B06-41CA-A1A8-6639DA8C10FE}"
EndProject
Project("{FAE04EC0-301F-11D3-BF4B-00C04F79EFBC}") = "church-mgt-model", "church-mgt-model\church-mgt-model.csproj", "{C802658D-9AF9-49CE-8FC8-A752C119F33F}"
EndProject
Project("{FAE04EC0-301F-11D3-BF4B-00C04F79EFBC}") = "church-mgt-services", "church-mgt-services\church-mgt-services.csproj", "{74DAEF38-382D-4BEF-9EB1-F55D5E10FF19}"
EndProject
Global
	GlobalSection(SolutionConfigurationPlatforms) = preSolution
		Debug|Any CPU = Debug|Any CPU
		Release|Any CPU = Release|Any CPU
	EndGlobalSection
	GlobalSection(ProjectConfigurationPlatforms) = postSolution
		{EE24A2BC-0B06-41CA-A1A8-6639DA8C10FE}.Debug|Any CPU.ActiveCfg = Debug|Any CPU
		{EE24A2BC-0B06-41CA-A1A8-6639DA8C10FE}.Debug|Any CPU.Build.0 = Debug|Any CPU
		{EE24A2BC-0B06-41CA-A1A8-6639DA8C10FE}.Release|Any CPU.ActiveCfg = Release|Any CPU
		{EE24A2BC-0B06-41CA-A1A8-6639DA8C10FE}.Release|Any CPU.Build.0 = Release|Any CPU
		{C802658D-9AF9-49CE-8FC8-A752C119F33F}.Debug|Any CPU.ActiveCfg = Debug|Any CPU
		{C802658D-9AF9-49CE-8FC8-A752C119F33F}.Debug|Any CPU.Build.0 = Debug|Any CPU
		{C802658D-9AF9-49CE-8FC8-A752C119F33F}.Release|Any CPU.ActiveCfg = Release|Any CPU
		{C802658D-9AF9-49CE-8FC8-A752C119F33F}.Release|Any CPU.Build.0 = Release|Any CPU
		{74DAEF38-382D-4BEF-9EB1-F55D5E10FF19}.Debug|Any CPU.ActiveCfg = Debug|Any CPU
		{74DAEF38-382D-4BEF-9EB1-F55D5E10FF19}.Debug|Any CPU.Build.0 = Debug|Any CPU
		{74DAEF38-382D-4BEF-9EB1-F55D5E10FF19}.Release|Any CPU.ActiveCfg = Release|Any CPU
		{74DAEF38-382D-4BEF-9EB1-F55D5E10FF19}.Release|Any CPU.Build.0 = Release|Any CPU
	EndGlobalSection
	GlobalSection(SolutionProperties) = preSolution
		HideSolutionNode = FALSE
	EndGlobalSection
	GlobalSection(ExtensibilityGlobals) = postSolution
		SolutionGuid = {DE512BF7-B11E-4491-B4CE-3D51DAD78A86}
	EndGlobalSection
EndGlobal
